
Microsoft Visual Studio Solution File, Format Version 12.00
# Visual Studio Version 17
VisualStudioVersion = 17.13.35931.197 d17.13
MinimumVisualStudioVersion = 10.0.40219.1
Project("{FAE04EC0-301F-11D3-BF4B-00C04F79EFBC}") = "WpfBasicApp01", "WpfBasicApp01\WpfBasicApp01.csproj", "{12CAB5B1-32E5-44EA-8509-9B7253FB503B}"
EndProject
Project("{FAE04EC0-301F-11D3-BF4B-00C04F79EFBC}") = "WpfBasicApp02", "WpfBasicApp02\WpfBasicApp02.csproj", "{429055DC-6823-4AC8-9713-D9D5056BF227}"
EndProject
Global
	GlobalSection(SolutionConfigurationPlatforms) = preSolution
		Debug|Any CPU = Debug|Any CPU
		Release|Any CPU = Release|Any CPU
	EndGlobalSection
	GlobalSection(ProjectConfigurationPlatforms) = postSolution
		{12CAB5B1-32E5-44EA-8509-9B7253FB503B}.Debug|Any CPU.ActiveCfg = Debug|Any CPU
		{12CAB5B1-32E5-44EA-8509-9B7253FB503B}.Debug|Any CPU.Build.0 = Debug|Any CPU
		{12CAB5B1-32E5-44EA-8509-9B7253FB503B}.Release|Any CPU.ActiveCfg = Release|Any CPU
		{12CAB5B1-32E5-44EA-8509-9B7253FB503B}.Release|Any CPU.Build.0 = Release|Any CPU
		{429055DC-6823-4AC8-9713-D9D5056BF227}.Debug|Any CPU.ActiveCfg = Debug|Any CPU
		{429055DC-6823-4AC8-9713-D9D5056BF227}.Debug|Any CPU.Build.0 = Debug|Any CPU
		{429055DC-6823-4AC8-9713-D9D5056BF227}.Release|Any CPU.ActiveCfg = Release|Any CPU
		{429055DC-6823-4AC8-9713-D9D5056BF227}.Release|Any CPU.Build.0 = Release|Any CPU
	EndGlobalSection
	GlobalSection(SolutionProperties) = preSolution
		HideSolutionNode = FALSE
	EndGlobalSection
	GlobalSection(ExtensibilityGlobals) = postSolution
		SolutionGuid = {4F1F8095-B22A-47AA-9222-46D4BD93BAE1}
	EndGlobalSection
EndGlobal
